# This file is automatically @generated by Poetry 1.8.3 and should not be changed by hand.

[[package]]
name = "antlr4-python3-runtime"
version = "4.13.1"
description = "ANTLR 4.13.1 runtime for Python 3"
optional = false
python-versions = "*"
files = [
    {file = "antlr4-python3-runtime-4.13.1.tar.gz", hash = "sha256:3cd282f5ea7cfb841537fe01f143350fdb1c0b1ce7981443a2fa8513fddb6d1a"},
    {file = "antlr4_python3_runtime-4.13.1-py3-none-any.whl", hash = "sha256:78ec57aad12c97ac039ca27403ad61cb98aaec8a3f9bb8144f889aa0fa28b943"},
]

[[package]]
name = "black"
version = "24.4.2"
description = "The uncompromising code formatter."
optional = false
python-versions = ">=3.8"
files = [
    {file = "black-24.4.2-cp310-cp310-macosx_10_9_x86_64.whl", hash = "sha256:dd1b5a14e417189db4c7b64a6540f31730713d173f0b63e55fabd52d61d8fdce"},
    {file = "black-24.4.2-cp310-cp310-macosx_11_0_arm64.whl", hash = "sha256:8e537d281831ad0e71007dcdcbe50a71470b978c453fa41ce77186bbe0ed6021"},
    {file = "black-24.4.2-cp310-cp310-manylinux_2_17_x86_64.manylinux2014_x86_64.whl", hash = "sha256:eaea3008c281f1038edb473c1aa8ed8143a5535ff18f978a318f10302b254063"},
    {file = "black-24.4.2-cp310-cp310-win_amd64.whl", hash = "sha256:7768a0dbf16a39aa5e9a3ded568bb545c8c2727396d063bbaf847df05b08cd96"},
    {file = "black-24.4.2-cp311-cp311-macosx_10_9_x86_64.whl", hash = "sha256:257d724c2c9b1660f353b36c802ccece186a30accc7742c176d29c146df6e474"},
    {file = "black-24.4.2-cp311-cp311-macosx_11_0_arm64.whl", hash = "sha256:bdde6f877a18f24844e381d45e9947a49e97933573ac9d4345399be37621e26c"},
    {file = "black-24.4.2-cp311-cp311-manylinux_2_17_x86_64.manylinux2014_x86_64.whl", hash = "sha256:e151054aa00bad1f4e1f04919542885f89f5f7d086b8a59e5000e6c616896ffb"},
    {file = "black-24.4.2-cp311-cp311-win_amd64.whl", hash = "sha256:7e122b1c4fb252fd85df3ca93578732b4749d9be076593076ef4d07a0233c3e1"},
    {file = "black-24.4.2-cp312-cp312-macosx_10_9_x86_64.whl", hash = "sha256:accf49e151c8ed2c0cdc528691838afd217c50412534e876a19270fea1e28e2d"},
    {file = "black-24.4.2-cp312-cp312-macosx_11_0_arm64.whl", hash = "sha256:88c57dc656038f1ab9f92b3eb5335ee9b021412feaa46330d5eba4e51fe49b04"},
    {file = "black-24.4.2-cp312-cp312-manylinux_2_17_x86_64.manylinux2014_x86_64.whl", hash = "sha256:be8bef99eb46d5021bf053114442914baeb3649a89dc5f3a555c88737e5e98fc"},
    {file = "black-24.4.2-cp312-cp312-win_amd64.whl", hash = "sha256:415e686e87dbbe6f4cd5ef0fbf764af7b89f9057b97c908742b6008cc554b9c0"},
    {file = "black-24.4.2-cp38-cp38-macosx_10_9_x86_64.whl", hash = "sha256:bf10f7310db693bb62692609b397e8d67257c55f949abde4c67f9cc574492cc7"},
    {file = "black-24.4.2-cp38-cp38-macosx_11_0_arm64.whl", hash = "sha256:98e123f1d5cfd42f886624d84464f7756f60ff6eab89ae845210631714f6db94"},
    {file = "black-24.4.2-cp38-cp38-manylinux_2_17_x86_64.manylinux2014_x86_64.whl", hash = "sha256:48a85f2cb5e6799a9ef05347b476cce6c182d6c71ee36925a6c194d074336ef8"},
    {file = "black-24.4.2-cp38-cp38-win_amd64.whl", hash = "sha256:b1530ae42e9d6d5b670a34db49a94115a64596bc77710b1d05e9801e62ca0a7c"},
    {file = "black-24.4.2-cp39-cp39-macosx_10_9_x86_64.whl", hash = "sha256:37aae07b029fa0174d39daf02748b379399b909652a806e5708199bd93899da1"},
    {file = "black-24.4.2-cp39-cp39-macosx_11_0_arm64.whl", hash = "sha256:da33a1a5e49c4122ccdfd56cd021ff1ebc4a1ec4e2d01594fef9b6f267a9e741"},
    {file = "black-24.4.2-cp39-cp39-manylinux_2_17_x86_64.manylinux2014_x86_64.whl", hash = "sha256:ef703f83fc32e131e9bcc0a5094cfe85599e7109f896fe8bc96cc402f3eb4b6e"},
    {file = "black-24.4.2-cp39-cp39-win_amd64.whl", hash = "sha256:b9176b9832e84308818a99a561e90aa479e73c523b3f77afd07913380ae2eab7"},
    {file = "black-24.4.2-py3-none-any.whl", hash = "sha256:d36ed1124bb81b32f8614555b34cc4259c3fbc7eec17870e8ff8ded335b58d8c"},
    {file = "black-24.4.2.tar.gz", hash = "sha256:c872b53057f000085da66a19c55d68f6f8ddcac2642392ad3a355878406fbd4d"},
]

[package.dependencies]
click = ">=8.0.0"
mypy-extensions = ">=0.4.3"
packaging = ">=22.0"
pathspec = ">=0.9.0"
platformdirs = ">=2"
tomli = {version = ">=1.1.0", markers = "python_version < \"3.11\""}
typing-extensions = {version = ">=4.0.1", markers = "python_version < \"3.11\""}

[package.extras]
colorama = ["colorama (>=0.4.3)"]
d = ["aiohttp (>=3.7.4)", "aiohttp (>=3.7.4,!=3.9.0)"]
jupyter = ["ipython (>=7.8.0)", "tokenize-rt (>=3.2.0)"]
uvloop = ["uvloop (>=0.15.2)"]

[[package]]
name = "click"
version = "8.1.7"
description = "Composable command line interface toolkit"
optional = false
python-versions = ">=3.7"
files = [
    {file = "click-8.1.7-py3-none-any.whl", hash = "sha256:ae74fb96c20a0277a1d615f1e4d73c8414f5a98db8b799a7931d1582f3390c28"},
    {file = "click-8.1.7.tar.gz", hash = "sha256:ca9853ad459e787e2192211578cc907e7594e294c7ccc834310722b41b9ca6de"},
]

[package.dependencies]
colorama = {version = "*", markers = "platform_system == \"Windows\""}

[[package]]
name = "colorama"
version = "0.4.6"
description = "Cross-platform colored terminal text."
optional = false
python-versions = "!=3.0.*,!=3.1.*,!=3.2.*,!=3.3.*,!=3.4.*,!=3.5.*,!=3.6.*,>=2.7"
files = [
    {file = "colorama-0.4.6-py2.py3-none-any.whl", hash = "sha256:4f1d9991f5acc0ca119f9d443620b77f9d6b33703e51011c16baf57afb285fc6"},
    {file = "colorama-0.4.6.tar.gz", hash = "sha256:08695f5cb7ed6e0531a20572697297273c47b8cae5a63ffc6d6ed5c201be6e44"},
]

[[package]]
name = "coverage"
version = "7.6.0"
description = "Code coverage measurement for Python"
optional = false
python-versions = ">=3.8"
files = [
    {file = "coverage-7.6.0-cp310-cp310-macosx_10_9_x86_64.whl", hash = "sha256:dff044f661f59dace805eedb4a7404c573b6ff0cdba4a524141bc63d7be5c7fd"},
    {file = "coverage-7.6.0-cp310-cp310-macosx_11_0_arm64.whl", hash = "sha256:a8659fd33ee9e6ca03950cfdcdf271d645cf681609153f218826dd9805ab585c"},
    {file = "coverage-7.6.0-cp310-cp310-manylinux_2_17_aarch64.manylinux2014_aarch64.whl", hash = "sha256:7792f0ab20df8071d669d929c75c97fecfa6bcab82c10ee4adb91c7a54055463"},
    {file = "coverage-7.6.0-cp310-cp310-manylinux_2_5_i686.manylinux1_i686.manylinux_2_17_i686.manylinux2014_i686.whl", hash = "sha256:d4b3cd1ca7cd73d229487fa5caca9e4bc1f0bca96526b922d61053ea751fe791"},
    {file = "coverage-7.6.0-cp310-cp310-manylinux_2_5_x86_64.manylinux1_x86_64.manylinux_2_17_x86_64.manylinux2014_x86_64.whl", hash = "sha256:e7e128f85c0b419907d1f38e616c4f1e9f1d1b37a7949f44df9a73d5da5cd53c"},
    {file = "coverage-7.6.0-cp310-cp310-musllinux_1_2_aarch64.whl", hash = "sha256:a94925102c89247530ae1dab7dc02c690942566f22e189cbd53579b0693c0783"},
    {file = "coverage-7.6.0-cp310-cp310-musllinux_1_2_i686.whl", hash = "sha256:dcd070b5b585b50e6617e8972f3fbbee786afca71b1936ac06257f7e178f00f6"},
    {file = "coverage-7.6.0-cp310-cp310-musllinux_1_2_x86_64.whl", hash = "sha256:d50a252b23b9b4dfeefc1f663c568a221092cbaded20a05a11665d0dbec9b8fb"},
    {file = "coverage-7.6.0-cp310-cp310-win32.whl", hash = "sha256:0e7b27d04131c46e6894f23a4ae186a6a2207209a05df5b6ad4caee6d54a222c"},
    {file = "coverage-7.6.0-cp310-cp310-win_amd64.whl", hash = "sha256:54dece71673b3187c86226c3ca793c5f891f9fc3d8aa183f2e3653da18566169"},
    {file = "coverage-7.6.0-cp311-cp311-macosx_10_9_x86_64.whl", hash = "sha256:c7b525ab52ce18c57ae232ba6f7010297a87ced82a2383b1afd238849c1ff933"},
    {file = "coverage-7.6.0-cp311-cp311-macosx_11_0_arm64.whl", hash = "sha256:4bea27c4269234e06f621f3fac3925f56ff34bc14521484b8f66a580aacc2e7d"},
    {file = "coverage-7.6.0-cp311-cp311-manylinux_2_17_aarch64.manylinux2014_aarch64.whl", hash = "sha256:ed8d1d1821ba5fc88d4a4f45387b65de52382fa3ef1f0115a4f7a20cdfab0e94"},
    {file = "coverage-7.6.0-cp311-cp311-manylinux_2_5_i686.manylinux1_i686.manylinux_2_17_i686.manylinux2014_i686.whl", hash = "sha256:01c322ef2bbe15057bc4bf132b525b7e3f7206f071799eb8aa6ad1940bcf5fb1"},
    {file = "coverage-7.6.0-cp311-cp311-manylinux_2_5_x86_64.manylinux1_x86_64.manylinux_2_17_x86_64.manylinux2014_x86_64.whl", hash = "sha256:03cafe82c1b32b770a29fd6de923625ccac3185a54a5e66606da26d105f37dac"},
    {file = "coverage-7.6.0-cp311-cp311-musllinux_1_2_aarch64.whl", hash = "sha256:0d1b923fc4a40c5832be4f35a5dab0e5ff89cddf83bb4174499e02ea089daf57"},
    {file = "coverage-7.6.0-cp311-cp311-musllinux_1_2_i686.whl", hash = "sha256:4b03741e70fb811d1a9a1d75355cf391f274ed85847f4b78e35459899f57af4d"},
    {file = "coverage-7.6.0-cp311-cp311-musllinux_1_2_x86_64.whl", hash = "sha256:a73d18625f6a8a1cbb11eadc1d03929f9510f4131879288e3f7922097a429f63"},
    {file = "coverage-7.6.0-cp311-cp311-win32.whl", hash = "sha256:65fa405b837060db569a61ec368b74688f429b32fa47a8929a7a2f9b47183713"},
    {file = "coverage-7.6.0-cp311-cp311-win_amd64.whl", hash = "sha256:6379688fb4cfa921ae349c76eb1a9ab26b65f32b03d46bb0eed841fd4cb6afb1"},
    {file = "coverage-7.6.0-cp312-cp312-macosx_10_9_x86_64.whl", hash = "sha256:f7db0b6ae1f96ae41afe626095149ecd1b212b424626175a6633c2999eaad45b"},
    {file = "coverage-7.6.0-cp312-cp312-macosx_11_0_arm64.whl", hash = "sha256:bbdf9a72403110a3bdae77948b8011f644571311c2fb35ee15f0f10a8fc082e8"},
    {file = "coverage-7.6.0-cp312-cp312-manylinux_2_17_aarch64.manylinux2014_aarch64.whl", hash = "sha256:9cc44bf0315268e253bf563f3560e6c004efe38f76db03a1558274a6e04bf5d5"},
    {file = "coverage-7.6.0-cp312-cp312-manylinux_2_5_i686.manylinux1_i686.manylinux_2_17_i686.manylinux2014_i686.whl", hash = "sha256:da8549d17489cd52f85a9829d0e1d91059359b3c54a26f28bec2c5d369524807"},
    {file = "coverage-7.6.0-cp312-cp312-manylinux_2_5_x86_64.manylinux1_x86_64.manylinux_2_17_x86_64.manylinux2014_x86_64.whl", hash = "sha256:0086cd4fc71b7d485ac93ca4239c8f75732c2ae3ba83f6be1c9be59d9e2c6382"},
    {file = "coverage-7.6.0-cp312-cp312-musllinux_1_2_aarch64.whl", hash = "sha256:1fad32ee9b27350687035cb5fdf9145bc9cf0a094a9577d43e909948ebcfa27b"},
    {file = "coverage-7.6.0-cp312-cp312-musllinux_1_2_i686.whl", hash = "sha256:044a0985a4f25b335882b0966625270a8d9db3d3409ddc49a4eb00b0ef5e8cee"},
    {file = "coverage-7.6.0-cp312-cp312-musllinux_1_2_x86_64.whl", hash = "sha256:76d5f82213aa78098b9b964ea89de4617e70e0d43e97900c2778a50856dac605"},
    {file = "coverage-7.6.0-cp312-cp312-win32.whl", hash = "sha256:3c59105f8d58ce500f348c5b56163a4113a440dad6daa2294b5052a10db866da"},
    {file = "coverage-7.6.0-cp312-cp312-win_amd64.whl", hash = "sha256:ca5d79cfdae420a1d52bf177de4bc2289c321d6c961ae321503b2ca59c17ae67"},
    {file = "coverage-7.6.0-cp38-cp38-macosx_10_9_x86_64.whl", hash = "sha256:d39bd10f0ae453554798b125d2f39884290c480f56e8a02ba7a6ed552005243b"},
    {file = "coverage-7.6.0-cp38-cp38-macosx_11_0_arm64.whl", hash = "sha256:beb08e8508e53a568811016e59f3234d29c2583f6b6e28572f0954a6b4f7e03d"},
    {file = "coverage-7.6.0-cp38-cp38-manylinux_2_17_aarch64.manylinux2014_aarch64.whl", hash = "sha256:b2e16f4cd2bc4d88ba30ca2d3bbf2f21f00f382cf4e1ce3b1ddc96c634bc48ca"},
    {file = "coverage-7.6.0-cp38-cp38-manylinux_2_5_i686.manylinux1_i686.manylinux_2_17_i686.manylinux2014_i686.whl", hash = "sha256:6616d1c9bf1e3faea78711ee42a8b972367d82ceae233ec0ac61cc7fec09fa6b"},
    {file = "coverage-7.6.0-cp38-cp38-manylinux_2_5_x86_64.manylinux1_x86_64.manylinux_2_17_x86_64.manylinux2014_x86_64.whl", hash = "sha256:ad4567d6c334c46046d1c4c20024de2a1c3abc626817ae21ae3da600f5779b44"},
    {file = "coverage-7.6.0-cp38-cp38-musllinux_1_2_aarch64.whl", hash = "sha256:d17c6a415d68cfe1091d3296ba5749d3d8696e42c37fca5d4860c5bf7b729f03"},
    {file = "coverage-7.6.0-cp38-cp38-musllinux_1_2_i686.whl", hash = "sha256:9146579352d7b5f6412735d0f203bbd8d00113a680b66565e205bc605ef81bc6"},
    {file = "coverage-7.6.0-cp38-cp38-musllinux_1_2_x86_64.whl", hash = "sha256:cdab02a0a941af190df8782aafc591ef3ad08824f97850b015c8c6a8b3877b0b"},
    {file = "coverage-7.6.0-cp38-cp38-win32.whl", hash = "sha256:df423f351b162a702c053d5dddc0fc0ef9a9e27ea3f449781ace5f906b664428"},
    {file = "coverage-7.6.0-cp38-cp38-win_amd64.whl", hash = "sha256:f2501d60d7497fd55e391f423f965bbe9e650e9ffc3c627d5f0ac516026000b8"},
    {file = "coverage-7.6.0-cp39-cp39-macosx_10_9_x86_64.whl", hash = "sha256:7221f9ac9dad9492cecab6f676b3eaf9185141539d5c9689d13fd6b0d7de840c"},
    {file = "coverage-7.6.0-cp39-cp39-macosx_11_0_arm64.whl", hash = "sha256:ddaaa91bfc4477d2871442bbf30a125e8fe6b05da8a0015507bfbf4718228ab2"},
    {file = "coverage-7.6.0-cp39-cp39-manylinux_2_17_aarch64.manylinux2014_aarch64.whl", hash = "sha256:c4cbe651f3904e28f3a55d6f371203049034b4ddbce65a54527a3f189ca3b390"},
    {file = "coverage-7.6.0-cp39-cp39-manylinux_2_5_i686.manylinux1_i686.manylinux_2_17_i686.manylinux2014_i686.whl", hash = "sha256:831b476d79408ab6ccfadaaf199906c833f02fdb32c9ab907b1d4aa0713cfa3b"},
    {file = "coverage-7.6.0-cp39-cp39-manylinux_2_5_x86_64.manylinux1_x86_64.manylinux_2_17_x86_64.manylinux2014_x86_64.whl", hash = "sha256:46c3d091059ad0b9c59d1034de74a7f36dcfa7f6d3bde782c49deb42438f2450"},
    {file = "coverage-7.6.0-cp39-cp39-musllinux_1_2_aarch64.whl", hash = "sha256:4d5fae0a22dc86259dee66f2cc6c1d3e490c4a1214d7daa2a93d07491c5c04b6"},
    {file = "coverage-7.6.0-cp39-cp39-musllinux_1_2_i686.whl", hash = "sha256:07ed352205574aad067482e53dd606926afebcb5590653121063fbf4e2175166"},
    {file = "coverage-7.6.0-cp39-cp39-musllinux_1_2_x86_64.whl", hash = "sha256:49c76cdfa13015c4560702574bad67f0e15ca5a2872c6a125f6327ead2b731dd"},
    {file = "coverage-7.6.0-cp39-cp39-win32.whl", hash = "sha256:482855914928c8175735a2a59c8dc5806cf7d8f032e4820d52e845d1f731dca2"},
    {file = "coverage-7.6.0-cp39-cp39-win_amd64.whl", hash = "sha256:543ef9179bc55edfd895154a51792b01c017c87af0ebaae092720152e19e42ca"},
    {file = "coverage-7.6.0-pp38.pp39.pp310-none-any.whl", hash = "sha256:6fe885135c8a479d3e37a7aae61cbd3a0fb2deccb4dda3c25f92a49189f766d6"},
    {file = "coverage-7.6.0.tar.gz", hash = "sha256:289cc803fa1dc901f84701ac10c9ee873619320f2f9aff38794db4a4a0268d51"},
]

[package.dependencies]
tomli = {version = "*", optional = true, markers = "python_full_version <= \"3.11.0a6\" and extra == \"toml\""}

[package.extras]
toml = ["tomli"]

[[package]]
name = "exceptiongroup"
version = "1.2.2"
description = "Backport of PEP 654 (exception groups)"
optional = false
python-versions = ">=3.7"
files = [
    {file = "exceptiongroup-1.2.2-py3-none-any.whl", hash = "sha256:3111b9d131c238bec2f8f516e123e14ba243563fb135d3fe885990585aa7795b"},
    {file = "exceptiongroup-1.2.2.tar.gz", hash = "sha256:47c2edf7c6738fafb49fd34290706d1a1a2f4d1c6df275526b62cbb4aa5393cc"},
]

[package.extras]
test = ["pytest (>=6)"]

[[package]]
name = "execnet"
version = "2.1.1"
description = "execnet: rapid multi-Python deployment"
optional = false
python-versions = ">=3.8"
files = [
    {file = "execnet-2.1.1-py3-none-any.whl", hash = "sha256:26dee51f1b80cebd6d0ca8e74dd8745419761d3bef34163928cbebbdc4749fdc"},
    {file = "execnet-2.1.1.tar.gz", hash = "sha256:5189b52c6121c24feae288166ab41b32549c7e2348652736540b9e6e7d4e72e3"},
]

[package.extras]
testing = ["hatch", "pre-commit", "pytest", "tox"]

[[package]]
name = "flake8"
version = "5.0.4"
description = "the modular source code checker: pep8 pyflakes and co"
optional = false
python-versions = ">=3.6.1"
files = [
    {file = "flake8-5.0.4-py2.py3-none-any.whl", hash = "sha256:7a1cf6b73744f5806ab95e526f6f0d8c01c66d7bbe349562d22dfca20610b248"},
    {file = "flake8-5.0.4.tar.gz", hash = "sha256:6fbe320aad8d6b95cec8b8e47bc933004678dc63095be98528b7bdd2a9f510db"},
]

[package.dependencies]
mccabe = ">=0.7.0,<0.8.0"
pycodestyle = ">=2.9.0,<2.10.0"
pyflakes = ">=2.5.0,<2.6.0"

[[package]]
name = "flake8-plugin-utils"
version = "1.3.3"
description = "The package provides base classes and utils for flake8 plugin writing"
optional = false
python-versions = ">=3.6,<4.0"
files = [
    {file = "flake8-plugin-utils-1.3.3.tar.gz", hash = "sha256:39f6f338d038b301c6fd344b06f2e81e382b68fa03c0560dff0d9b1791a11a2c"},
    {file = "flake8_plugin_utils-1.3.3-py3-none-any.whl", hash = "sha256:e4848c57d9d50f19100c2d75fa794b72df068666a9041b4b0409be923356a3ed"},
]

[[package]]
name = "flake8-pytest-style"
version = "1.7.2"
description = "A flake8 plugin checking common style issues or inconsistencies with pytest-based tests."
optional = false
python-versions = ">=3.7.2,<4.0.0"
files = [
    {file = "flake8_pytest_style-1.7.2-py3-none-any.whl", hash = "sha256:f5d2aa3219163a052dd92226589d45fab8ea027a3269922f0c4029f548ea5cd1"},
    {file = "flake8_pytest_style-1.7.2.tar.gz", hash = "sha256:b924197c99b951315949920b0e5547f34900b1844348432e67a44ab191582109"},
]

[package.dependencies]
flake8-plugin-utils = ">=1.3.2,<2.0.0"

[[package]]
name = "iniconfig"
version = "2.0.0"
description = "brain-dead simple config-ini parsing"
optional = false
python-versions = ">=3.7"
files = [
    {file = "iniconfig-2.0.0-py3-none-any.whl", hash = "sha256:b6a85871a79d2e3b22d2d1b94ac2824226a63c6b741c88f7ae975f18b6778374"},
    {file = "iniconfig-2.0.0.tar.gz", hash = "sha256:2d91e135bf72d31a410b17c16da610a82cb55f6b0477d1a902134b24a455b8b3"},
]

[[package]]
name = "libparse"
version = "0.3.1"
description = "Python wrapper around Yosys' libparse module"
optional = false
python-versions = ">3.6"
files = [
    {file = "libparse-0.3.1-cp310-cp310-macosx_10_9_x86_64.whl", hash = "sha256:12cf17bebe8b28d39f20170dee2c6e6f61868848a4ac05fcc2b6dfea2fcbdf01"},
    {file = "libparse-0.3.1-cp310-cp310-macosx_11_0_arm64.whl", hash = "sha256:8b69ee74476b019e95390e7aafc7ad1005268e79e7435d20a818376948d62d4e"},
    {file = "libparse-0.3.1-cp310-cp310-manylinux_2_17_aarch64.manylinux2014_aarch64.whl", hash = "sha256:317e92d4cea88480a682a1e9e30f34284d0badcb1f6f8a0e1195b270c40c304b"},
    {file = "libparse-0.3.1-cp310-cp310-manylinux_2_17_x86_64.manylinux2014_x86_64.whl", hash = "sha256:72933804e8de8c9cba65098946f14f55f0b00fa8e856f7d1897642f15f14f45f"},
    {file = "libparse-0.3.1-cp310-cp310-musllinux_1_1_aarch64.whl", hash = "sha256:041882d70e520e506af3fe6013d12f0ff76f0fcaf6c160ce31fafda3461d0948"},
    {file = "libparse-0.3.1-cp310-cp310-musllinux_1_1_x86_64.whl", hash = "sha256:cd044a42e2c3326bd4da4ff6451f8e5846113d721798c0b1ac27d3661b9220cb"},
    {file = "libparse-0.3.1-cp310-cp310-win_amd64.whl", hash = "sha256:e8b4e6b23952f758dc48b97134e0671ed17246e3186d68b3802309cebe605380"},
    {file = "libparse-0.3.1-cp310-cp310-win_arm64.whl", hash = "sha256:de646e9c76b370efc0573379fa12ce886416cc8b1ad74e6197cce2145b0047c0"},
    {file = "libparse-0.3.1-cp311-cp311-macosx_10_9_x86_64.whl", hash = "sha256:aafd3abcb539cf61d1857b0dc07404034b0d1c6793b45be1ff189ae1ed65df22"},
    {file = "libparse-0.3.1-cp311-cp311-macosx_11_0_arm64.whl", hash = "sha256:0ff4e9db5cae00ada4a30ebbde9cfac2db144ffe19d9172d26ff8f9ce54e52b3"},
    {file = "libparse-0.3.1-cp311-cp311-manylinux_2_17_aarch64.manylinux2014_aarch64.whl", hash = "sha256:86ed85d2b910f1d0ac4ec4297a40f145af56def41b84640b63b9db94a74d553e"},
    {file = "libparse-0.3.1-cp311-cp311-manylinux_2_17_x86_64.manylinux2014_x86_64.whl", hash = "sha256:89b4b9aaffffb2191dcc14fe89241af4f18ce129f0fcb944998f1ab3ded45322"},
    {file = "libparse-0.3.1-cp311-cp311-musllinux_1_1_aarch64.whl", hash = "sha256:ffd566e99758c981c136c1df2902318777327bb322b87fc283e548fadcb43579"},
    {file = "libparse-0.3.1-cp311-cp311-musllinux_1_1_x86_64.whl", hash = "sha256:a15b7605554bda0fd1ec155fb4156704a0016545916d97af468a568bc42aadad"},
    {file = "libparse-0.3.1-cp311-cp311-win_amd64.whl", hash = "sha256:4159c14c5858306535483c1095fcb6ef5efc5ce7139b69466f7071d71a35a27a"},
    {file = "libparse-0.3.1-cp311-cp311-win_arm64.whl", hash = "sha256:97422154e49befd2d5d3a740c46eb76d29674e28a9b49161e63c2b80b64b09d6"},
    {file = "libparse-0.3.1-cp312-cp312-macosx_10_9_x86_64.whl", hash = "sha256:c7387fcc2214dc3e9ded1526868a3ca8413ba2a36269a244cd04b813760a423e"},
    {file = "libparse-0.3.1-cp312-cp312-macosx_11_0_arm64.whl", hash = "sha256:25a0d00982c4496cbe9a9b7430854ec749031125593b2c82899cb22941920455"},
    {file = "libparse-0.3.1-cp312-cp312-manylinux_2_17_aarch64.manylinux2014_aarch64.whl", hash = "sha256:34fd88269e1f6e8a92024fc62d6a1cfa5ac2f400cb12bdbfaea80cf37454521c"},
    {file = "libparse-0.3.1-cp312-cp312-manylinux_2_17_x86_64.manylinux2014_x86_64.whl", hash = "sha256:aa75e9ebfcee3ed29f8d6e1fbcb0ba6bd6fa31445c0c25df2f38611cb073d006"},
    {file = "libparse-0.3.1-cp312-cp312-musllinux_1_1_aarch64.whl", hash = "sha256:c8b581af2c6c12e96800d24d085b143f161ee414e616c969b0bfb9afc6e399a1"},
    {file = "libparse-0.3.1-cp312-cp312-musllinux_1_1_x86_64.whl", hash = "sha256:a82d218d399edccf675f32a4ee3055a5211187a9ca9718ef4db5bd5f87e46003"},
    {file = "libparse-0.3.1-cp312-cp312-win_amd64.whl", hash = "sha256:6a2ec12e0920fab3e2a47d3b8b38c9b56fa0a259aca070b694e7fbee29bdff15"},
    {file = "libparse-0.3.1-cp312-cp312-win_arm64.whl", hash = "sha256:2d2eba881656d6ac03527e7f8814cd67bcdfbb792bee405d7601eb3f6b038625"},
    {file = "libparse-0.3.1-cp36-cp36m-macosx_10_9_x86_64.whl", hash = "sha256:95929e64ba03606f5dc2f7a6ed3a1d08f05a9cea414316fd80494052c32ab727"},
    {file = "libparse-0.3.1-cp36-cp36m-manylinux_2_17_aarch64.manylinux2014_aarch64.whl", hash = "sha256:4de77f24db964bdffe4a34444a10826083de593710486d8d327bca84679a352c"},
    {file = "libparse-0.3.1-cp36-cp36m-manylinux_2_17_x86_64.manylinux2014_x86_64.whl", hash = "sha256:6e076566474af60b652281d92608b4182fbc4057312d19999ed55f422fe55eb1"},
    {file = "libparse-0.3.1-cp36-cp36m-musllinux_1_1_aarch64.whl", hash = "sha256:f61567f2dfa4c67cfdf001824171d6120bdff3eb05ac1eee68410a62dbd81965"},
    {file = "libparse-0.3.1-cp36-cp36m-musllinux_1_1_x86_64.whl", hash = "sha256:a344099de2f9ddfaddef6c160e55809bc64ed1c0683a9ac6fdb7ada644a0ac19"},
    {file = "libparse-0.3.1-cp36-cp36m-win_amd64.whl", hash = "sha256:4004628cf76a070d1b8a8317ab1e16aea068494de171f92ca8d83aeb5c187a92"},
    {file = "libparse-0.3.1-cp37-cp37m-macosx_10_9_x86_64.whl", hash = "sha256:7b77726b7af116d17fb42de93f7e19fc6c496e9cea5c48e8dbe7dd9e1c94312e"},
    {file = "libparse-0.3.1-cp37-cp37m-manylinux_2_17_aarch64.manylinux2014_aarch64.whl", hash = "sha256:5980839414595108a0e9e21b48829cc58f11bd976d5f855513ff11f42739d4c7"},
    {file = "libparse-0.3.1-cp37-cp37m-manylinux_2_17_x86_64.manylinux2014_x86_64.whl", hash = "sha256:52c8f7e26656586b8cf53eabe0248eb1226c1644c5d19ea0388dde238c2db734"},
    {file = "libparse-0.3.1-cp37-cp37m-musllinux_1_1_aarch64.whl", hash = "sha256:ffad9452083a70544a96f79aadde56906adf04eb97f2fabdf83d51bfd1227297"},
    {file = "libparse-0.3.1-cp37-cp37m-musllinux_1_1_x86_64.whl", hash = "sha256:9253fbab12f152511e6071f0f08090263896a72ae064fc87327031db99e6b79e"},
    {file = "libparse-0.3.1-cp37-cp37m-win_amd64.whl", hash = "sha256:de49e8464377b69d2fbce921888aee254806ab75e46547546bb9aed2c0cf56da"},
    {file = "libparse-0.3.1-cp38-cp38-macosx_10_9_x86_64.whl", hash = "sha256:897943c7eef009af54450e010a23e90d66eb6d117e6392878af597357db34068"},
    {file = "libparse-0.3.1-cp38-cp38-macosx_11_0_arm64.whl", hash = "sha256:860393995a3498042e791b77192a04593607bb4b89c7101fb652481017871714"},
    {file = "libparse-0.3.1-cp38-cp38-manylinux_2_17_aarch64.manylinux2014_aarch64.whl", hash = "sha256:ab0381c94106d21faaf59116f67a01af29f944325fb9363adba3ffb6bf03866c"},
    {file = "libparse-0.3.1-cp38-cp38-manylinux_2_17_x86_64.manylinux2014_x86_64.whl", hash = "sha256:1037b7c238dac184110672fad659b7af7587bed1c409dfa447530a97c52773be"},
    {file = "libparse-0.3.1-cp38-cp38-musllinux_1_1_aarch64.whl", hash = "sha256:9a557234eab52725f179fb765c343705c66589806bd277b02d10b1d4b0e7606b"},
    {file = "libparse-0.3.1-cp38-cp38-musllinux_1_1_x86_64.whl", hash = "sha256:7a79e057d7f788e3cb4f5b9527dc868e982650a77ceec56e6f9dbd9efa8ed40e"},
    {file = "libparse-0.3.1-cp38-cp38-win_amd64.whl", hash = "sha256:501728450a58f353bca3b965b22100e1ff663d105a5654a9e4239c0864ab8563"},
    {file = "libparse-0.3.1-cp39-cp39-macosx_10_9_x86_64.whl", hash = "sha256:a94c5adca24d082948cd43b161364e71c7098e0fbf1a4f925dab363c7379decb"},
    {file = "libparse-0.3.1-cp39-cp39-macosx_11_0_arm64.whl", hash = "sha256:cd4aab703ff280e4a6be7f8d35c8b2677ec2118dc873254a6cdb546409e1fa04"},
    {file = "libparse-0.3.1-cp39-cp39-manylinux_2_17_aarch64.manylinux2014_aarch64.whl", hash = "sha256:d7ffbd3ad77dc7d02f9bdb5d0a6de5e0dc098abaa96e406d4513e8e42a15394a"},
    {file = "libparse-0.3.1-cp39-cp39-manylinux_2_17_x86_64.manylinux2014_x86_64.whl", hash = "sha256:1f3db96dd2575307a02e8c729051ef01c5642bfa404281f9902d2b9210719057"},
    {file = "libparse-0.3.1-cp39-cp39-musllinux_1_1_aarch64.whl", hash = "sha256:8085c7e408f4b233fad9da7daf069504c50514ab222bb7b8397a097e3ef0142b"},
    {file = "libparse-0.3.1-cp39-cp39-musllinux_1_1_x86_64.whl", hash = "sha256:29be50e0cf4e3519c9756a8006bf3afd5458e11a0bc6d18bd5090578e3e3721a"},
    {file = "libparse-0.3.1-cp39-cp39-win_amd64.whl", hash = "sha256:a12d3be9e1375dd90c974c8dbd248bd072c1b277693bbea9fdf5343a64e456f1"},
    {file = "libparse-0.3.1-cp39-cp39-win_arm64.whl", hash = "sha256:06aa9223f986f1f084de307459cb02df444724d49016d57e453302022ee753f5"},
    {file = "libparse-0.3.1-pp310-pypy310_pp73-macosx_10_9_x86_64.whl", hash = "sha256:7e8ecbc31854ff6e3f1aecb44ea8950526c327884640d5d6cb097cd9be5dad60"},
    {file = "libparse-0.3.1-pp310-pypy310_pp73-manylinux_2_17_aarch64.manylinux2014_aarch64.whl", hash = "sha256:111b2300833fc752dda876c32c3f652e29c42722e27db1e9baa27cd45ac56114"},
    {file = "libparse-0.3.1-pp310-pypy310_pp73-manylinux_2_17_x86_64.manylinux2014_x86_64.whl", hash = "sha256:904fbb614d240ce0de4537b27df831357fe224505078094265fcbfdcf0bfd3e7"},
    {file = "libparse-0.3.1-pp310-pypy310_pp73-win_amd64.whl", hash = "sha256:29c0550db4b7e1c33dd0d3a5d99ae0b494290411b037b4156320f963959a11b3"},
    {file = "libparse-0.3.1-pp37-pypy37_pp73-macosx_10_9_x86_64.whl", hash = "sha256:2a3601465cc59838f5a806581f3f2e1c39304535dc58f2d44b185d4ea6244276"},
    {file = "libparse-0.3.1-pp37-pypy37_pp73-manylinux_2_17_aarch64.manylinux2014_aarch64.whl", hash = "sha256:89727fde19a405d1bf22f93aea4fb060d86f532b7bd0d0623d0e8c6726ff0dca"},
    {file = "libparse-0.3.1-pp37-pypy37_pp73-manylinux_2_17_x86_64.manylinux2014_x86_64.whl", hash = "sha256:60ec7ada44ad77a4beac9dcd9007bc9bfc75ea04f14250ecf4e33b3a1fb9df39"},
    {file = "libparse-0.3.1-pp37-pypy37_pp73-win_amd64.whl", hash = "sha256:cb0235fc71c1b8d2fc513d89fa66c260f42fb1addd4227acceb8f353892f7c32"},
    {file = "libparse-0.3.1-pp38-pypy38_pp73-macosx_10_9_x86_64.whl", hash = "sha256:7778a9154460fe70c8197f0d2dca67e77eb5692e1fdae93d700974b52fa0d759"},
    {file = "libparse-0.3.1-pp38-pypy38_pp73-manylinux_2_17_aarch64.manylinux2014_aarch64.whl", hash = "sha256:ee86687ef05e3cc6c04f127dc5bbf046488a426c5a0271935fd3bd802b67ceec"},
    {file = "libparse-0.3.1-pp38-pypy38_pp73-manylinux_2_17_x86_64.manylinux2014_x86_64.whl", hash = "sha256:d47ae23806ae81a775d7aeba98e23f48e1f5d1a07c272beea58446f707ebd3ed"},
    {file = "libparse-0.3.1-pp38-pypy38_pp73-win_amd64.whl", hash = "sha256:96799e6481bfa47cda48daaec3a5ccc29cfec6e6c6224762c5cf0082ad4535f8"},
    {file = "libparse-0.3.1-pp39-pypy39_pp73-macosx_10_9_x86_64.whl", hash = "sha256:3b0423b24433ce669c4f27a09d404336bfb81b12d3fa99f71988e5f637babe42"},
    {file = "libparse-0.3.1-pp39-pypy39_pp73-manylinux_2_17_aarch64.manylinux2014_aarch64.whl", hash = "sha256:17a9f379176b2ebb98d79d331a5f642a969c2c19e6471723c17ff4d1f3ba33e1"},
    {file = "libparse-0.3.1-pp39-pypy39_pp73-manylinux_2_17_x86_64.manylinux2014_x86_64.whl", hash = "sha256:a8b83e29ef0ea0f31b6f8850868e8a34acbada272d80769f70ae54b45ebbdeb9"},
    {file = "libparse-0.3.1-pp39-pypy39_pp73-win_amd64.whl", hash = "sha256:e486d03a13d0b3598215476490d0f114dce97c440672f8c7d801b1332691e26a"},
    {file = "libparse-0.3.1.tar.gz", hash = "sha256:984d24d0bc863cc89ef2467317d92f92e943aa24b4ce21305b4812b10f88ad30"},
]

[package.dependencies]
wheel = "*"

[[package]]
name = "mccabe"
version = "0.7.0"
description = "McCabe checker, plugin for flake8"
optional = false
python-versions = ">=3.6"
files = [
    {file = "mccabe-0.7.0-py2.py3-none-any.whl", hash = "sha256:6c2d30ab6be0e4a46919781807b4f0d834ebdd6c6e3dca0bda5a15f863427b6e"},
    {file = "mccabe-0.7.0.tar.gz", hash = "sha256:348e0240c33b60bbdf4e523192ef919f28cb2c3d7d5c7794f74009290f236325"},
]

[[package]]
name = "mypy-extensions"
version = "1.0.0"
description = "Type system extensions for programs checked with the mypy type checker."
optional = false
python-versions = ">=3.5"
files = [
    {file = "mypy_extensions-1.0.0-py3-none-any.whl", hash = "sha256:4392f6c0eb8a5668a69e23d168ffa70f0be9ccfd32b5cc2d26a34ae5b844552d"},
    {file = "mypy_extensions-1.0.0.tar.gz", hash = "sha256:75dbf8955dc00442a438fc4d0666508a9a97b6bd41aa2f0ffe9d2f2725af0782"},
]

[[package]]
name = "packaging"
version = "24.1"
description = "Core utilities for Python packages"
optional = false
python-versions = ">=3.8"
files = [
    {file = "packaging-24.1-py3-none-any.whl", hash = "sha256:5b8f2217dbdbd2f7f384c41c628544e6d52f2d0f53c6d0c3ea61aa5d1d7ff124"},
    {file = "packaging-24.1.tar.gz", hash = "sha256:026ed72c8ed3fcce5bf8950572258698927fd1dbda10a5e981cdf0ac37f4f002"},
]

[[package]]
name = "pathspec"
version = "0.12.1"
description = "Utility library for gitignore style pattern matching of file paths."
optional = false
python-versions = ">=3.8"
files = [
    {file = "pathspec-0.12.1-py3-none-any.whl", hash = "sha256:a0d503e138a4c123b27490a4f7beda6a01c6f288df0e4a8b79c7eb0dc7b4cc08"},
    {file = "pathspec-0.12.1.tar.gz", hash = "sha256:a482d51503a1ab33b1c67a6c3813a26953dbdc71c31dacaef9a838c4e29f5712"},
]

[[package]]
name = "platformdirs"
version = "4.2.2"
description = "A small Python package for determining appropriate platform-specific dirs, e.g. a `user data dir`."
optional = false
python-versions = ">=3.8"
files = [
    {file = "platformdirs-4.2.2-py3-none-any.whl", hash = "sha256:2d7a1657e36a80ea911db832a8a6ece5ee53d8de21edd5cc5879af6530b1bfee"},
    {file = "platformdirs-4.2.2.tar.gz", hash = "sha256:38b7b51f512eed9e84a22788b4bce1de17c0adb134d6becb09836e37d8654cd3"},
]

[package.extras]
docs = ["furo (>=2023.9.10)", "proselint (>=0.13)", "sphinx (>=7.2.6)", "sphinx-autodoc-typehints (>=1.25.2)"]
test = ["appdirs (==1.4.4)", "covdefaults (>=2.3)", "pytest (>=7.4.3)", "pytest-cov (>=4.1)", "pytest-mock (>=3.12)"]
type = ["mypy (>=1.8)"]

[[package]]
name = "pluggy"
version = "1.5.0"
description = "plugin and hook calling mechanisms for python"
optional = false
python-versions = ">=3.8"
files = [
    {file = "pluggy-1.5.0-py3-none-any.whl", hash = "sha256:44e1ad92c8ca002de6377e165f3e0f1be63266ab4d554740532335b9d75ea669"},
    {file = "pluggy-1.5.0.tar.gz", hash = "sha256:2cffa88e94fdc978c4c574f15f9e59b7f4201d439195c3715ca9e2486f1d0cf1"},
]

[package.extras]
dev = ["pre-commit", "tox"]
testing = ["pytest", "pytest-benchmark"]

[[package]]
name = "pycodestyle"
version = "2.9.1"
description = "Python style guide checker"
optional = false
python-versions = ">=3.6"
files = [
    {file = "pycodestyle-2.9.1-py2.py3-none-any.whl", hash = "sha256:d1735fc58b418fd7c5f658d28d943854f8a849b01a5d0a1e6f3f3fdd0166804b"},
    {file = "pycodestyle-2.9.1.tar.gz", hash = "sha256:2c9607871d58c76354b697b42f5d57e1ada7d261c261efac224b664affdc5785"},
]

[[package]]
name = "pyflakes"
version = "2.5.0"
description = "passive checker of Python programs"
optional = false
python-versions = ">=3.6"
files = [
    {file = "pyflakes-2.5.0-py2.py3-none-any.whl", hash = "sha256:4579f67d887f804e67edb544428f264b7b24f435b263c4614f384135cea553d2"},
    {file = "pyflakes-2.5.0.tar.gz", hash = "sha256:491feb020dca48ccc562a8c0cbe8df07ee13078df59813b83959cbdada312ea3"},
]

[[package]]
name = "pytest"
version = "8.3.2"
description = "pytest: simple powerful testing with Python"
optional = false
python-versions = ">=3.8"
files = [
    {file = "pytest-8.3.2-py3-none-any.whl", hash = "sha256:4ba08f9ae7dcf84ded419494d229b48d0903ea6407b030eaec46df5e6a73bba5"},
    {file = "pytest-8.3.2.tar.gz", hash = "sha256:c132345d12ce551242c87269de812483f5bcc87cdbb4722e48487ba194f9fdce"},
]

[package.dependencies]
colorama = {version = "*", markers = "sys_platform == \"win32\""}
exceptiongroup = {version = ">=1.0.0rc8", markers = "python_version < \"3.11\""}
iniconfig = "*"
packaging = "*"
pluggy = ">=1.5,<2"
tomli = {version = ">=1", markers = "python_version < \"3.11\""}

[package.extras]
dev = ["argcomplete", "attrs (>=19.2)", "hypothesis (>=3.56)", "mock", "pygments (>=2.7.2)", "requests", "setuptools", "xmlschema"]

[[package]]
name = "pytest-cov"
version = "5.0.0"
description = "Pytest plugin for measuring coverage."
optional = false
python-versions = ">=3.8"
files = [
    {file = "pytest-cov-5.0.0.tar.gz", hash = "sha256:5837b58e9f6ebd335b0f8060eecce69b662415b16dc503883a02f45dfeb14857"},
    {file = "pytest_cov-5.0.0-py3-none-any.whl", hash = "sha256:4f0764a1219df53214206bf1feea4633c3b558a2925c8b59f144f682861ce652"},
]

[package.dependencies]
coverage = {version = ">=5.2.1", extras = ["toml"]}
pytest = ">=4.6"

[package.extras]
testing = ["fields", "hunter", "process-tests", "pytest-xdist", "virtualenv"]

[[package]]
name = "pytest-xdist"
version = "3.6.1"
description = "pytest xdist plugin for distributed testing, most importantly across multiple CPUs"
optional = false
python-versions = ">=3.8"
files = [
    {file = "pytest_xdist-3.6.1-py3-none-any.whl", hash = "sha256:9ed4adfb68a016610848639bb7e02c9352d5d9f03d04809919e2dafc3be4cca7"},
    {file = "pytest_xdist-3.6.1.tar.gz", hash = "sha256:ead156a4db231eec769737f57668ef58a2084a34b2e55c4a8fa20d861107300d"},
]

[package.dependencies]
execnet = ">=2.1"
pytest = ">=7.0.0"

[package.extras]
psutil = ["psutil (>=3.0)"]
setproctitle = ["setproctitle"]
testing = ["filelock"]

[[package]]
name = "tomli"
version = "2.0.1"
description = "A lil' TOML parser"
optional = false
python-versions = ">=3.7"
files = [
    {file = "tomli-2.0.1-py3-none-any.whl", hash = "sha256:939de3e7a6161af0c887ef91b7d41a53e7c5a1ca976325f429cb46ea9bc30ecc"},
    {file = "tomli-2.0.1.tar.gz", hash = "sha256:de526c12914f0c550d15924c62d72abc48d6fe7364aa87328337a31007fe8a4f"},
]

[[package]]
name = "typing-extensions"
version = "4.12.2"
description = "Backported and Experimental Type Hints for Python 3.8+"
optional = false
python-versions = ">=3.8"
files = [
    {file = "typing_extensions-4.12.2-py3-none-any.whl", hash = "sha256:04e5ca0351e0f3f85c6853954072df659d0d13fac324d0072316b67d7794700d"},
    {file = "typing_extensions-4.12.2.tar.gz", hash = "sha256:1a7ead55c7e559dd4dee8856e3a88b41225abfe1ce8df57b7c13915fe121ffb8"},
]

[[package]]
name = "wheel"
version = "0.43.0"
description = "A built-package format for Python"
optional = false
python-versions = ">=3.8"
files = [
    {file = "wheel-0.43.0-py3-none-any.whl", hash = "sha256:55c570405f142630c6b9f72fe09d9b67cf1477fcf543ae5b8dcb1f5b7377da81"},
    {file = "wheel-0.43.0.tar.gz", hash = "sha256:465ef92c69fa5c5da2d1cf8ac40559a8c940886afcef87dcf14b9470862f1d85"},
]

[package.extras]
test = ["pytest (>=6.0.0)", "setuptools (>=65)"]

[metadata]
lock-version = "2.0"
python-versions = ">=3.8,<4"
content-hash = "77128e8de3220648241e3899ff1cc7e347522ebe1d2d4c8a56b88df179d385af"
